
Microsoft Visual Studio Solution File, Format Version 12.00
# Visual Studio 15
VisualStudioVersion = 15.0.26730.16
MinimumVisualStudioVersion = 10.0.40219.1
Project("{FAE04EC0-301F-11D3-BF4B-00C04F79EFBC}") = "Tarea1TableroCarro", "Tarea1TableroCarro\Tarea1TableroCarro.csproj", "{503B27CD-0495-40EB-B93C-405E2C54AE43}"
EndProject
Global
	GlobalSection(SolutionConfigurationPlatforms) = preSolution
		Debug|Any CPU = Debug|Any CPU
		Release|Any CPU = Release|Any CPU
	EndGlobalSection
	GlobalSection(ProjectConfigurationPlatforms) = postSolution
		{503B27CD-0495-40EB-B93C-405E2C54AE43}.Debug|Any CPU.ActiveCfg = Debug|Any CPU
		{503B27CD-0495-40EB-B93C-405E2C54AE43}.Debug|Any CPU.Build.0 = Debug|Any CPU
		{503B27CD-0495-40EB-B93C-405E2C54AE43}.Release|Any CPU.ActiveCfg = Release|Any CPU
		{503B27CD-0495-40EB-B93C-405E2C54AE43}.Release|Any CPU.Build.0 = Release|Any CPU
	EndGlobalSection
	GlobalSection(SolutionProperties) = preSolution
		HideSolutionNode = FALSE
	EndGlobalSection
	GlobalSection(ExtensibilityGlobals) = postSolution
		SolutionGuid = {F3803112-4FE6-485D-AD8C-9CE567BBA624}
	EndGlobalSection
EndGlobal
